
Microsoft Visual Studio Solution File, Format Version 11.00
# Visual Studio 2010
Project("{8BC9CEB8-8B4A-11D0-8D11-00A0C91BC942}") = "Experiment", "Experiment\Experiment.vcxproj", "{ED81DBFE-7D1F-477F-97B7-9CC605E44995}"
EndProject
Global
	GlobalSection(SolutionConfigurationPlatforms) = preSolution
		Debug|Win32 = Debug|Win32
		Release|Win32 = Release|Win32
	EndGlobalSection
	GlobalSection(ProjectConfigurationPlatforms) = postSolution
		{ED81DBFE-7D1F-477F-97B7-9CC605E44995}.Debug|Win32.ActiveCfg = Debug|Win32
		{ED81DBFE-7D1F-477F-97B7-9CC605E44995}.Debug|Win32.Build.0 = Debug|Win32
		{ED81DBFE-7D1F-477F-97B7-9CC605E44995}.Release|Win32.ActiveCfg = Release|Win32
		{ED81DBFE-7D1F-477F-97B7-9CC605E44995}.Release|Win32.Build.0 = Release|Win32
	EndGlobalSection
	GlobalSection(SolutionProperties) = preSolution
		HideSolutionNode = FALSE
	EndGlobalSection
EndGlobal
